
Microsoft Visual Studio Solution File, Format Version 12.00
# Visual Studio 15
VisualStudioVersion = 15.0.28010.2036
MinimumVisualStudioVersion = 10.0.40219.1
Project("{FAE04EC0-301F-11D3-BF4B-00C04F79EFBC}") = "Deathmatch", "Deathmatch\Deathmatch.csproj", "{3BF10A7C-D628-4A90-98FA-238B1B832BBF}"
EndProject
Global
	GlobalSection(SolutionConfigurationPlatforms) = preSolution
		Debug|Any CPU = Debug|Any CPU
		Release|Any CPU = Release|Any CPU
	EndGlobalSection
	GlobalSection(ProjectConfigurationPlatforms) = postSolution
		{3BF10A7C-D628-4A90-98FA-238B1B832BBF}.Debug|Any CPU.ActiveCfg = Release|Any CPU
		{3BF10A7C-D628-4A90-98FA-238B1B832BBF}.Debug|Any CPU.Build.0 = Release|Any CPU
		{3BF10A7C-D628-4A90-98FA-238B1B832BBF}.Release|Any CPU.ActiveCfg = Release|Any CPU
		{3BF10A7C-D628-4A90-98FA-238B1B832BBF}.Release|Any CPU.Build.0 = Release|Any CPU
	EndGlobalSection
	GlobalSection(SolutionProperties) = preSolution
		HideSolutionNode = FALSE
	EndGlobalSection
	GlobalSection(ExtensibilityGlobals) = postSolution
		SolutionGuid = {AFEEE4EE-5452-40F4-BAF7-81927CE02C22}
	EndGlobalSection
EndGlobal
